// !$*UTF8*$!
{
	archiveVersion = 1;
	classes = {
	};
	objectVersion = 56;
	objects = {

/* Begin PBXBuildFile section */
		D7D7D2122B3A8795005A4123 /* calculatorApp.swift in Sources */ = {isa = PBXBuildFile; fileRef = D7D7D2112B3A8795005A4123 /* calculatorApp.swift */; };
		D7D7D2142B3A8795005A4123 /* ContentView.swift in Sources */ = {isa = PBXBuildFile; fileRef = D7D7D2132B3A8795005A4123 /* ContentView.swift */; };
		D7D7D2162B3A8799005A4123 /* Assets.xcassets in Resources */ = {isa = PBXBuildFile; fileRef = D7D7D2152B3A8799005A4123 /* Assets.xcassets */; };
		D7D7D2192B3A8799005A4123 /* Preview Assets.xcassets in Resources */ = {isa = PBXBuildFile; fileRef = D7D7D2182B3A8799005A4123 /* Preview Assets.xcassets */; };
		D7D7D2232B3A8799005A4123 /* calculatorTests.swift in Sources */ = {isa = PBXBuildFile; fileRef = D7D7D2222B3A8799005A4123 /* calculatorTests.swift */; };
		D7D7D22D2B3A8799005A4123 /* calculatorUITests.swift in Sources */ = {isa = PBXBuildFile; fileRef = D7D7D22C2B3A8799005A4123 /* calculatorUITests.swift */; };
		D7D7D22F2B3A8799005A4123 /* calculatorUITestsLaunchTests.swift in Sources */ = {isa = PBXBuildFile; fileRef = D7D7D22E2B3A8799005A4123 /* calculatorUITestsLaunchTests.swift */; };
		D7D7D23D2B3AC8EB005A4123 /* ColorExtension.swift in Sources */ = {isa = PBXBuildFile; fileRef = D7D7D23C2B3AC8EB005A4123 /* ColorExtension.swift */; };
/* End PBXBuildFile section */

/* Begin PBXContainerItemProxy section */
		D7D7D21F2B3A8799005A4123 /* PBXContainerItemProxy */ = {
			isa = PBXContainerItemProxy;
			containerPortal = D7D7D2062B3A8795005A4123 /* Project object */;
			proxyType = 1;
			remoteGlobalIDString = D7D7D20D2B3A8795005A4123;
			remoteInfo = calculator;
		};
		D7D7D2292B3A8799005A4123 /* PBXContainerItemProxy */ = {
			isa = PBXContainerItemProxy;
			containerPortal = D7D7D2062B3A8795005A4123 /* Project object */;
			proxyType = 1;
			remoteGlobalIDString = D7D7D20D2B3A8795005A4123;
			remoteInfo = calculator;
		};
/* End PBXContainerItemProxy section */

/* Begin PBXFileReference section */
		D7D7D20E2B3A8795005A4123 /* calculator.app */ = {isa = PBXFileReference; explicitFileType = wrapper.application; includeInIndex = 0; path = calculator.app; sourceTree = BUILT_PRODUCTS_DIR; };
		D7D7D2112B3A8795005A4123 /* calculatorApp.swift */ = {isa = PBXFileReference; lastKnownFileType = sourcecode.swift; path = calculatorApp.swift; sourceTree = "<group>"; };
		D7D7D2132B3A8795005A4123 /* ContentView.swift */ = {isa = PBXFileReference; lastKnownFileType = sourcecode.swift; path = ContentView.swift; sourceTree = "<group>"; };
		D7D7D2152B3A8799005A4123 /* Assets.xcassets */ = {isa = PBXFileReference; lastKnownFileType = folder.assetcatalog; path = Assets.xcassets; sourceTree = "<group>"; };
		D7D7D2182B3A8799005A4123 /* Preview Assets.xcassets */ = {isa = PBXFileReference; lastKnownFileType = folder.assetcatalog; path = "Preview Assets.xcassets"; sourceTree = "<group>"; };
		D7D7D21E2B3A8799005A4123 /* calculatorTests.xctest */ = {isa = PBXFileReference; explicitFileType = wrapper.cfbundle; includeInIndex = 0; path = calculatorTests.xctest; sourceTree = BUILT_PRODUCTS_DIR; };
		D7D7D2222B3A8799005A4123 /* calculatorTests.swift */ = {isa = PBXFileReference; lastKnownFileType = sourcecode.swift; path = calculatorTests.swift; sourceTree = "<group>"; };
		D7D7D2282B3A8799005A4123 /* calculatorUITests.xctest */ = {isa = PBXFileReference; explicitFileType = wrapper.cfbundle; includeInIndex = 0; path = calculatorUITests.xctest; sourceTree = BUILT_PRODUCTS_DIR; };
		D7D7D22C2B3A8799005A4123 /* calculatorUITests.swift */ = {isa = PBXFileReference; lastKnownFileType = sourcecode.swift; path = calculatorUITests.swift; sourceTree = "<group>"; };
		D7D7D22E2B3A8799005A4123 /* calculatorUITestsLaunchTests.swift */ = {isa = PBXFileReference; lastKnownFileType = sourcecode.swift; path = calculatorUITestsLaunchTests.swift; sourceTree = "<group>"; };
		D7D7D23C2B3AC8EB005A4123 /* ColorExtension.swift */ = {isa = PBXFileReference; lastKnownFileType = sourcecode.swift; path = ColorExtension.swift; sourceTree = "<group>"; };
/* End PBXFileReference section */

/* Begin PBXFrameworksBuildPhase section */
		D7D7D20B2B3A8795005A4123 /* Frameworks */ = {
			isa = PBXFrameworksBuildPhase;
			buildActionMask = 2147483647;
			files = (
			);
			runOnlyForDeploymentPostprocessing = 0;
		};
		D7D7D21B2B3A8799005A4123 /* Frameworks */ = {
			isa = PBXFrameworksBuildPhase;
			buildActionMask = 2147483647;
			files = (
			);
			runOnlyForDeploymentPostprocessing = 0;
		};
		D7D7D2252B3A8799005A4123 /* Frameworks */ = {
			isa = PBXFrameworksBuildPhase;
			buildActionMask = 2147483647;
			files = (
			);
			runOnlyForDeploymentPostprocessing = 0;
		};
/* End PBXFrameworksBuildPhase section */

/* Begin PBXGroup section */
		D7D7D2052B3A8795005A4123 = {
			isa = PBXGroup;
			children = (
				D7D7D2102B3A8795005A4123 /* calculator */,
				D7D7D2212B3A8799005A4123 /* calculatorTests */,
				D7D7D22B2B3A8799005A4123 /* calculatorUITests */,
				D7D7D20F2B3A8795005A4123 /* Products */,
			);
			sourceTree = "<group>";
		};
		D7D7D20F2B3A8795005A4123 /* Products */ = {
			isa = PBXGroup;
			children = (
				D7D7D20E2B3A8795005A4123 /* calculator.app */,
				D7D7D21E2B3A8799005A4123 /* calculatorTests.xctest */,
				D7D7D2282B3A8799005A4123 /* calculatorUITests.xctest */,
			);
			name = Products;
			sourceTree = "<group>";
		};
		D7D7D2102B3A8795005A4123 /* calculator */ = {
			isa = PBXGroup;
			children = (
				D7D7D23B2B3AC8C7005A4123 /* Extension */,
				D7D7D2112B3A8795005A4123 /* calculatorApp.swift */,
				D7D7D2132B3A8795005A4123 /* ContentView.swift */,
				D7D7D2152B3A8799005A4123 /* Assets.xcassets */,
				D7D7D2172B3A8799005A4123 /* Preview Content */,
			);
			path = calculator;
			sourceTree = "<group>";
		};
		D7D7D2172B3A8799005A4123 /* Preview Content */ = {
			isa = PBXGroup;
			children = (
				D7D7D2182B3A8799005A4123 /* Preview Assets.xcassets */,
			);
			path = "Preview Content";
			sourceTree = "<group>";
		};
		D7D7D2212B3A8799005A4123 /* calculatorTests */ = {
			isa = PBXGroup;
			children = (
				D7D7D2222B3A8799005A4123 /* calculatorTests.swift */,
			);
			path = calculatorTests;
			sourceTree = "<group>";
		};
		D7D7D22B2B3A8799005A4123 /* calculatorUITests */ = {
			isa = PBXGroup;
			children = (
				D7D7D22C2B3A8799005A4123 /* calculatorUITests.swift */,
				D7D7D22E2B3A8799005A4123 /* calculatorUITestsLaunchTests.swift */,
			);
			path = calculatorUITests;
			sourceTree = "<group>";
		};
		D7D7D23B2B3AC8C7005A4123 /* Extension */ = {
			isa = PBXGroup;
			children = (
				D7D7D23C2B3AC8EB005A4123 /* ColorExtension.swift */,
			);
			path = Extension;
			sourceTree = "<group>";
		};
/* End PBXGroup section */

/* Begin PBXNativeTarget section */
		D7D7D20D2B3A8795005A4123 /* calculator */ = {
			isa = PBXNativeTarget;
			buildConfigurationList = D7D7D2322B3A8799005A4123 /* Build configuration list for PBXNativeTarget "calculator" */;
			buildPhases = (
				D7D7D20A2B3A8795005A4123 /* Sources */,
				D7D7D20B2B3A8795005A4123 /* Frameworks */,
				D7D7D20C2B3A8795005A4123 /* Resources */,
			);
			buildRules = (
			);
			dependencies = (
			);
			name = calculator;
			productName = calculator;
			productReference = D7D7D20E2B3A8795005A4123 /* calculator.app */;
			productType = "com.apple.product-type.application";
		};
		D7D7D21D2B3A8799005A4123 /* calculatorTests */ = {
			isa = PBXNativeTarget;
			buildConfigurationList = D7D7D2352B3A8799005A4123 /* Build configuration list for PBXNativeTarget "calculatorTests" */;
			buildPhases = (
				D7D7D21A2B3A8799005A4123 /* Sources */,
				D7D7D21B2B3A8799005A4123 /* Frameworks */,
				D7D7D21C2B3A8799005A4123 /* Resources */,
			);
			buildRules = (
			);
			dependencies = (
				D7D7D2202B3A8799005A4123 /* PBXTargetDependency */,
			);
			name = calculatorTests;
			productName = calculatorTests;
			productReference = D7D7D21E2B3A8799005A4123 /* calculatorTests.xctest */;
			productType = "com.apple.product-type.bundle.unit-test";
		};
		D7D7D2272B3A8799005A4123 /* calculatorUITests */ = {
			isa = PBXNativeTarget;
			buildConfigurationList = D7D7D2382B3A8799005A4123 /* Build configuration list for PBXNativeTarget "calculatorUITests" */;
			buildPhases = (
				D7D7D2242B3A8799005A4123 /* Sources */,
				D7D7D2252B3A8799005A4123 /* Frameworks */,
				D7D7D2262B3A8799005A4123 /* Resources */,
			);
			buildRules = (
			);
			dependencies = (
				D7D7D22A2B3A8799005A4123 /* PBXTargetDependency */,
			);
			name = calculatorUITests;
			productName = calculatorUITests;
			productReference = D7D7D2282B3A8799005A4123 /* calculatorUITests.xctest */;
			productType = "com.apple.product-type.bundle.ui-testing";
		};
/* End PBXNativeTarget section */

/* Begin PBXProject section */
		D7D7D2062B3A8795005A4123 /* Project object */ = {
			isa = PBXProject;
			attributes = {
				BuildIndependentTargetsInParallel = 1;
				LastSwiftUpdateCheck = 1500;
				LastUpgradeCheck = 1500;
				TargetAttributes = {
					D7D7D20D2B3A8795005A4123 = {
						CreatedOnToolsVersion = 15.0.1;
					};
					D7D7D21D2B3A8799005A4123 = {
						CreatedOnToolsVersion = 15.0.1;
						TestTargetID = D7D7D20D2B3A8795005A4123;
					};
					D7D7D2272B3A8799005A4123 = {
						CreatedOnToolsVersion = 15.0.1;
						TestTargetID = D7D7D20D2B3A8795005A4123;
					};
				};
			};
			buildConfigurationList = D7D7D2092B3A8795005A4123 /* Build configuration list for PBXProject "calculator" */;
			compatibilityVersion = "Xcode 14.0";
			developmentRegion = en;
			hasScannedForEncodings = 0;
			knownRegions = (
				en,
				Base,
			);
			mainGroup = D7D7D2052B3A8795005A4123;
			productRefGroup = D7D7D20F2B3A8795005A4123 /* Products */;
			projectDirPath = "";
			projectRoot = "";
			targets = (
				D7D7D20D2B3A8795005A4123 /* calculator */,
				D7D7D21D2B3A8799005A4123 /* calculatorTests */,
				D7D7D2272B3A8799005A4123 /* calculatorUITests */,
			);
		};
/* End PBXProject section */

/* Begin PBXResourcesBuildPhase section */
		D7D7D20C2B3A8795005A4123 /* Resources */ = {
			isa = PBXResourcesBuildPhase;
			buildActionMask = 2147483647;
			files = (
				D7D7D2192B3A8799005A4123 /* Preview Assets.xcassets in Resources */,
				D7D7D2162B3A8799005A4123 /* Assets.xcassets in Resources */,
			);
			runOnlyForDeploymentPostprocessing = 0;
		};
		D7D7D21C2B3A8799005A4123 /* Resources */ = {
			isa = PBXResourcesBuildPhase;
			buildActionMask = 2147483647;
			files = (
			);
			runOnlyForDeploymentPostprocessing = 0;
		};
		D7D7D2262B3A8799005A4123 /* Resources */ = {
			isa = PBXResourcesBuildPhase;
			buildActionMask = 2147483647;
			files = (
			);
			runOnlyForDeploymentPostprocessing = 0;
		};
/* End PBXResourcesBuildPhase section */

/* Begin PBXSourcesBuildPhase section */
		D7D7D20A2B3A8795005A4123 /* Sources */ = {
			isa = PBXSourcesBuildPhase;
			buildActionMask = 2147483647;
			files = (
				D7D7D23D2B3AC8EB005A4123 /* ColorExtension.swift in Sources */,
				D7D7D2142B3A8795005A4123 /* ContentView.swift in Sources */,
				D7D7D2122B3A8795005A4123 /* calculatorApp.swift in Sources */,
			);
			runOnlyForDeploymentPostprocessing = 0;
		};
		D7D7D21A2B3A8799005A4123 /* Sources */ = {
			isa = PBXSourcesBuildPhase;
			buildActionMask = 2147483647;
			files = (
				D7D7D2232B3A8799005A4123 /* calculatorTests.swift in Sources */,
			);
			runOnlyForDeploymentPostprocessing = 0;
		};
		D7D7D2242B3A8799005A4123 /* Sources */ = {
			isa = PBXSourcesBuildPhase;
			buildActionMask = 2147483647;
			files = (
				D7D7D22F2B3A8799005A4123 /* calculatorUITestsLaunchTests.swift in Sources */,
				D7D7D22D2B3A8799005A4123 /* calculatorUITests.swift in Sources */,
			);
			runOnlyForDeploymentPostprocessing = 0;
		};
/* End PBXSourcesBuildPhase section */

/* Begin PBXTargetDependency section */
		D7D7D2202B3A8799005A4123 /* PBXTargetDependency */ = {
			isa = PBXTargetDependency;
			target = D7D7D20D2B3A8795005A4123 /* calculator */;
			targetProxy = D7D7D21F2B3A8799005A4123 /* PBXContainerItemProxy */;
		};
		D7D7D22A2B3A8799005A4123 /* PBXTargetDependency */ = {
			isa = PBXTargetDependency;
			target = D7D7D20D2B3A8795005A4123 /* calculator */;
			targetProxy = D7D7D2292B3A8799005A4123 /* PBXContainerItemProxy */;
		};
/* End PBXTargetDependency section */

/* Begin XCBuildConfiguration section */
		D7D7D2302B3A8799005A4123 /* Debug */ = {
			isa = XCBuildConfiguration;
			buildSettings = {
				ALWAYS_SEARCH_USER_PATHS = NO;
				ASSETCATALOG_COMPILER_GENERATE_SWIFT_ASSET_SYMBOL_EXTENSIONS = YES;
				CLANG_ANALYZER_NONNULL = YES;
				CLANG_ANALYZER_NUMBER_OBJECT_CONVERSION = YES_AGGRESSIVE;
				CLANG_CXX_LANGUAGE_STANDARD = "gnu++20";
				CLANG_ENABLE_MODULES = YES;
				CLANG_ENABLE_OBJC_ARC = YES;
				CLANG_ENABLE_OBJC_WEAK = YES;
				CLANG_WARN_BLOCK_CAPTURE_AUTORELEASING = YES;
				CLANG_WARN_BOOL_CONVERSION = YES;
				CLANG_WARN_COMMA = YES;
				CLANG_WARN_CONSTANT_CONVERSION = YES;
				CLANG_WARN_DEPRECATED_OBJC_IMPLEMENTATIONS = YES;
				CLANG_WARN_DIRECT_OBJC_ISA_USAGE = YES_ERROR;
				CLANG_WARN_DOCUMENTATION_COMMENTS = YES;
				CLANG_WARN_EMPTY_BODY = YES;
				CLANG_WARN_ENUM_CONVERSION = YES;
				CLANG_WARN_INFINITE_RECURSION = YES;
				CLANG_WARN_INT_CONVERSION = YES;
				CLANG_WARN_NON_LITERAL_NULL_CONVERSION = YES;
				CLANG_WARN_OBJC_IMPLICIT_RETAIN_SELF = YES;
				CLANG_WARN_OBJC_LITERAL_CONVERSION = YES;
				CLANG_WARN_OBJC_ROOT_CLASS = YES_ERROR;
				CLANG_WARN_QUOTED_INCLUDE_IN_FRAMEWORK_HEADER = YES;
				CLANG_WARN_RANGE_LOOP_ANALYSIS = YES;
				CLANG_WARN_STRICT_PROTOTYPES = YES;
				CLANG_WARN_SUSPICIOUS_MOVE = YES;
				CLANG_WARN_UNGUARDED_AVAILABILITY = YES_AGGRESSIVE;
				CLANG_WARN_UNREACHABLE_CODE = YES;
				CLANG_WARN__DUPLICATE_METHOD_MATCH = YES;
				COPY_PHASE_STRIP = NO;
				DEBUG_INFORMATION_FORMAT = dwarf;
				ENABLE_STRICT_OBJC_MSGSEND = YES;
				ENABLE_TESTABILITY = YES;
				ENABLE_USER_SCRIPT_SANDBOXING = YES;
				GCC_C_LANGUAGE_STANDARD = gnu17;
				GCC_DYNAMIC_NO_PIC = NO;
				GCC_NO_COMMON_BLOCKS = YES;
				GCC_OPTIMIZATION_LEVEL = 0;
				GCC_PREPROCESSOR_DEFINITIONS = (
					"DEBUG=1",
					"$(inherited)",
				);
				GCC_WARN_64_TO_32_BIT_CONVERSION = YES;
				GCC_WARN_ABOUT_RETURN_TYPE = YES_ERROR;
				GCC_WARN_UNDECLARED_SELECTOR = YES;
				GCC_WARN_UNINITIALIZED_AUTOS = YES_AGGRESSIVE;
				GCC_WARN_UNUSED_FUNCTION = YES;
				GCC_WARN_UNUSED_VARIABLE = YES;
				IPHONEOS_DEPLOYMENT_TARGET = 17.0;
				LOCALIZATION_PREFERS_STRING_CATALOGS = YES;
				MTL_ENABLE_DEBUG_INFO = INCLUDE_SOURCE;
				MTL_FAST_MATH = YES;
				ONLY_ACTIVE_ARCH = YES;
				SDKROOT = iphoneos;
				SWIFT_ACTIVE_COMPILATION_CONDITIONS = "DEBUG $(inherited)";
				SWIFT_OPTIMIZATION_LEVEL = "-Onone";
			};
			name = Debug;
		};
		D7D7D2312B3A8799005A4123 /* Release */ = {
			isa = XCBuildConfiguration;
			buildSettings = {
				ALWAYS_SEARCH_USER_PATHS = NO;
				ASSETCATALOG_COMPILER_GENERATE_SWIFT_ASSET_SYMBOL_EXTENSIONS = YES;
				CLANG_ANALYZER_NONNULL = YES;
				CLANG_ANALYZER_NUMBER_OBJECT_CONVERSION = YES_AGGRESSIVE;
				CLANG_CXX_LANGUAGE_STANDARD = "gnu++20";
				CLANG_ENABLE_MODULES = YES;
				CLANG_ENABLE_OBJC_ARC = YES;
				CLANG_ENABLE_OBJC_WEAK = YES;
				CLANG_WARN_BLOCK_CAPTURE_AUTORELEASING = YES;
				CLANG_WARN_BOOL_CONVERSION = YES;
				CLANG_WARN_COMMA = YES;
				CLANG_WARN_CONSTANT_CONVERSION = YES;
				CLANG_WARN_DEPRECATED_OBJC_IMPLEMENTATIONS = YES;
				CLANG_WARN_DIRECT_OBJC_ISA_USAGE = YES_ERROR;
				CLANG_WARN_DOCUMENTATION_COMMENTS = YES;
				CLANG_WARN_EMPTY_BODY = YES;
				CLANG_WARN_ENUM_CONVERSION = YES;
				CLANG_WARN_INFINITE_RECURSION = YES;
				CLANG_WARN_INT_CONVERSION = YES;
				CLANG_WARN_NON_LITERAL_NULL_CONVERSION = YES;
				CLANG_WARN_OBJC_IMPLICIT_RETAIN_SELF = YES;
				CLANG_WARN_OBJC_LITERAL_CONVERSION = YES;
				CLANG_WARN_OBJC_ROOT_CLASS = YES_ERROR;
				CLANG_WARN_QUOTED_INCLUDE_IN_FRAMEWORK_HEADER = YES;
				CLANG_WARN_RANGE_LOOP_ANALYSIS = YES;
				CLANG_WARN_STRICT_PROTOTYPES = YES;
				CLANG_WARN_SUSPICIOUS_MOVE = YES;
				CLANG_WARN_UNGUARDED_AVAILABILITY = YES_AGGRESSIVE;
				CLANG_WARN_UNREACHABLE_CODE = YES;
				CLANG_WARN__DUPLICATE_METHOD_MATCH = YES;
				COPY_PHASE_STRIP = NO;
				DEBUG_INFORMATION_FORMAT = "dwarf-with-dsym";
				ENABLE_NS_ASSERTIONS = NO;
				ENABLE_STRICT_OBJC_MSGSEND = YES;
				ENABLE_USER_SCRIPT_SANDBOXING = YES;
				GCC_C_LANGUAGE_STANDARD = gnu17;
				GCC_NO_COMMON_BLOCKS = YES;
				GCC_WARN_64_TO_32_BIT_CONVERSION = YES;
				GCC_WARN_ABOUT_RETURN_TYPE = YES_ERROR;
				GCC_WARN_UNDECLARED_SELECTOR = YES;
				GCC_WARN_UNINITIALIZED_AUTOS = YES_AGGRESSIVE;
				GCC_WARN_UNUSED_FUNCTION = YES;
				GCC_WARN_UNUSED_VARIABLE = YES;
				IPHONEOS_DEPLOYMENT_TARGET = 17.0;
				LOCALIZATION_PREFERS_STRING_CATALOGS = YES;
				MTL_ENABLE_DEBUG_INFO = NO;
				MTL_FAST_MATH = YES;
				SDKROOT = iphoneos;
				SWIFT_COMPILATION_MODE = wholemodule;
				VALIDATE_PRODUCT = YES;
			};
			name = Release;
		};
		D7D7D2332B3A8799005A4123 /* Debug */ = {
			isa = XCBuildConfiguration;
			buildSettings = {
				ASSETCATALOG_COMPILER_APPICON_NAME = AppIcon;
				ASSETCATALOG_COMPILER_GLOBAL_ACCENT_COLOR_NAME = AccentColor;
				CODE_SIGN_STYLE = Automatic;
				CURRENT_PROJECT_VERSION = 1;
				DEVELOPMENT_ASSET_PATHS = "\"calculator/Preview Content\"";
				DEVELOPMENT_TEAM = 4RG9LBF3XF;
				ENABLE_PREVIEWS = YES;
				GENERATE_INFOPLIST_FILE = YES;
				INFOPLIST_KEY_UIApplicationSceneManifest_Generation = YES;
				INFOPLIST_KEY_UIApplicationSupportsIndirectInputEvents = YES;
				INFOPLIST_KEY_UILaunchScreen_Generation = YES;
				INFOPLIST_KEY_UISupportedInterfaceOrientations_iPad = "UIInterfaceOrientationPortrait UIInterfaceOrientationPortraitUpsideDown UIInterfaceOrientationLandscapeLeft UIInterfaceOrientationLandscapeRight";
				INFOPLIST_KEY_UISupportedInterfaceOrientations_iPhone = "UIInterfaceOrientationPortrait UIInterfaceOrientationLandscapeLeft UIInterfaceOrientationLandscapeRight";
				LD_RUNPATH_SEARCH_PATHS = (
					"$(inherited)",
					"@executable_path/Frameworks",
				);
				MARKETING_VERSION = 1.0;
				PRODUCT_BUNDLE_IDENTIFIER = jina.calculator;
				PRODUCT_NAME = "$(TARGET_NAME)";
				SWIFT_EMIT_LOC_STRINGS = YES;
				SWIFT_VERSION = 5.0;
				TARGETED_DEVICE_FAMILY = "1,2";
			};
			name = Debug;
		};
		D7D7D2342B3A8799005A4123 /* Release */ = {
			isa = XCBuildConfiguration;
			buildSettings = {
				ASSETCATALOG_COMPILER_APPICON_NAME = AppIcon;
				ASSETCATALOG_COMPILER_GLOBAL_ACCENT_COLOR_NAME = AccentColor;
				CODE_SIGN_STYLE = Automatic;
				CURRENT_PROJECT_VERSION = 1;
				DEVELOPMENT_ASSET_PATHS = "\"calculator/Preview Content\"";
				DEVELOPMENT_TEAM = 4RG9LBF3XF;
				ENABLE_PREVIEWS = YES;
				GENERATE_INFOPLIST_FILE = YES;
				INFOPLIST_KEY_UIApplicationSceneManifest_Generation = YES;
				INFOPLIST_KEY_UIApplicationSupportsIndirectInputEvents = YES;
				INFOPLIST_KEY_UILaunchScreen_Generation = YES;
				INFOPLIST_KEY_UISupportedInterfaceOrientations_iPad = "UIInterfaceOrientationPortrait UIInterfaceOrientationPortraitUpsideDown UIInterfaceOrientationLandscapeLeft UIInterfaceOrientationLandscapeRight";
				INFOPLIST_KEY_UISupportedInterfaceOrientations_iPhone = "UIInterfaceOrientationPortrait UIInterfaceOrientationLandscapeLeft UIInterfaceOrientationLandscapeRight";
				LD_RUNPATH_SEARCH_PATHS = (
					"$(inherited)",
					"@executable_path/Frameworks",
				);
				MARKETING_VERSION = 1.0;
				PRODUCT_BUNDLE_IDENTIFIER = jina.calculator;
				PRODUCT_NAME = "$(TARGET_NAME)";
				SWIFT_EMIT_LOC_STRINGS = YES;
				SWIFT_VERSION = 5.0;
				TARGETED_DEVICE_FAMILY = "1,2";
			};
			name = Release;
		};
		D7D7D2362B3A8799005A4123 /* Debug */ = {
			isa = XCBuildConfiguration;
			buildSettings = {
				ALWAYS_EMBED_SWIFT_STANDARD_LIBRARIES = YES;
				BUNDLE_LOADER = "$(TEST_HOST)";
				CODE_SIGN_STYLE = Automatic;
				CURRENT_PROJECT_VERSION = 1;
				DEVELOPMENT_TEAM = 4RG9LBF3XF;
				GENERATE_INFOPLIST_FILE = YES;
				IPHONEOS_DEPLOYMENT_TARGET = 17.0;
				MARKETING_VERSION = 1.0;
				PRODUCT_BUNDLE_IDENTIFIER = jina.calculatorTests;
				PRODUCT_NAME = "$(TARGET_NAME)";
				SWIFT_EMIT_LOC_STRINGS = NO;
				SWIFT_VERSION = 5.0;
				TARGETED_DEVICE_FAMILY = "1,2";
				TEST_HOST = "$(BUILT_PRODUCTS_DIR)/calculator.app/$(BUNDLE_EXECUTABLE_FOLDER_PATH)/calculator";
			};
			name = Debug;
		};
		D7D7D2372B3A8799005A4123 /* Release */ = {
			isa = XCBuildConfiguration;
			buildSettings = {
				ALWAYS_EMBED_SWIFT_STANDARD_LIBRARIES = YES;
				BUNDLE_LOADER = "$(TEST_HOST)";
				CODE_SIGN_STYLE = Automatic;
				CURRENT_PROJECT_VERSION = 1;
				DEVELOPMENT_TEAM = 4RG9LBF3XF;
				GENERATE_INFOPLIST_FILE = YES;
				IPHONEOS_DEPLOYMENT_TARGET = 17.0;
				MARKETING_VERSION = 1.0;
				PRODUCT_BUNDLE_IDENTIFIER = jina.calculatorTests;
				PRODUCT_NAME = "$(TARGET_NAME)";
				SWIFT_EMIT_LOC_STRINGS = NO;
				SWIFT_VERSION = 5.0;
				TARGETED_DEVICE_FAMILY = "1,2";
				TEST_HOST = "$(BUILT_PRODUCTS_DIR)/calculator.app/$(BUNDLE_EXECUTABLE_FOLDER_PATH)/calculator";
			};
			name = Release;
		};
		D7D7D2392B3A8799005A4123 /* Debug */ = {
			isa = XCBuildConfiguration;
			buildSettings = {
				ALWAYS_EMBED_SWIFT_STANDARD_LIBRARIES = YES;
				CODE_SIGN_STYLE = Automatic;
				CURRENT_PROJECT_VERSION = 1;
				DEVELOPMENT_TEAM = 4RG9LBF3XF;
				GENERATE_INFOPLIST_FILE = YES;
				MARKETING_VERSION = 1.0;
				PRODUCT_BUNDLE_IDENTIFIER = jina.calculatorUITests;
				PRODUCT_NAME = "$(TARGET_NAME)";
				SWIFT_EMIT_LOC_STRINGS = NO;
				SWIFT_VERSION = 5.0;
				TARGETED_DEVICE_FAMILY = "1,2";
				TEST_TARGET_NAME = calculator;
			};
			name = Debug;
		};
		D7D7D23A2B3A8799005A4123 /* Release */ = {
			isa = XCBuildConfiguration;
			buildSettings = {
				ALWAYS_EMBED_SWIFT_STANDARD_LIBRARIES = YES;
				CODE_SIGN_STYLE = Automatic;
				CURRENT_PROJECT_VERSION = 1;
				DEVELOPMENT_TEAM = 4RG9LBF3XF;
				GENERATE_INFOPLIST_FILE = YES;
				MARKETING_VERSION = 1.0;
				PRODUCT_BUNDLE_IDENTIFIER = jina.calculatorUITests;
				PRODUCT_NAME = "$(TARGET_NAME)";
				SWIFT_EMIT_LOC_STRINGS = NO;
				SWIFT_VERSION = 5.0;
				TARGETED_DEVICE_FAMILY = "1,2";
				TEST_TARGET_NAME = calculator;
			};
			name = Release;
		};
/* End XCBuildConfiguration section */

/* Begin XCConfigurationList section */
		D7D7D2092B3A8795005A4123 /* Build configuration list for PBXProject "calculator" */ = {
			isa = XCConfigurationList;
			buildConfigurations = (
				D7D7D2302B3A8799005A4123 /* Debug */,
				D7D7D2312B3A8799005A4123 /* Release */,
			);
			defaultConfigurationIsVisible = 0;
			defaultConfigurationName = Release;
		};
		D7D7D2322B3A8799005A4123 /* Build configuration list for PBXNativeTarget "calculator" */ = {
			isa = XCConfigurationList;
			buildConfigurations = (
				D7D7D2332B3A8799005A4123 /* Debug */,
				D7D7D2342B3A8799005A4123 /* Release */,
			);
			defaultConfigurationIsVisible = 0;
			defaultConfigurationName = Release;
		};
		D7D7D2352B3A8799005A4123 /* Build configuration list for PBXNativeTarget "calculatorTests" */ = {
			isa = XCConfigurationList;
			buildConfigurations = (
				D7D7D2362B3A8799005A4123 /* Debug */,
				D7D7D2372B3A8799005A4123 /* Release */,
			);
			defaultConfigurationIsVisible = 0;
			defaultConfigurationName = Release;
		};
		D7D7D2382B3A8799005A4123 /* Build configuration list for PBXNativeTarget "calculatorUITests" */ = {
			isa = XCConfigurationList;
			buildConfigurations = (
				D7D7D2392B3A8799005A4123 /* Debug */,
				D7D7D23A2B3A8799005A4123 /* Release */,
			);
			defaultConfigurationIsVisible = 0;
			defaultConfigurationName = Release;
		};
/* End XCConfigurationList section */
	};
	rootObject = D7D7D2062B3A8795005A4123 /* Project object */;
}
